
Microsoft Visual Studio Solution File, Format Version 12.00
# Visual Studio Version 17
VisualStudioVersion = 17.5.33414.496
MinimumVisualStudioVersion = 10.0.40219.1
Project("{FAE04EC0-301F-11D3-BF4B-00C04F79EFBC}") = "FunctionalProgrammingProblems", "FunctionalProgrammingProblems.csproj", "{C5E58B03-5388-4022-95CB-242F78857742}"
EndProject
Global
	GlobalSection(SolutionConfigurationPlatforms) = preSolution
		Debug|Any CPU = Debug|Any CPU
		Release|Any CPU = Release|Any CPU
	EndGlobalSection
	GlobalSection(ProjectConfigurationPlatforms) = postSolution
		{C5E58B03-5388-4022-95CB-242F78857742}.Debug|Any CPU.ActiveCfg = Debug|Any CPU
		{C5E58B03-5388-4022-95CB-242F78857742}.Debug|Any CPU.Build.0 = Debug|Any CPU
		{C5E58B03-5388-4022-95CB-242F78857742}.Release|Any CPU.ActiveCfg = Release|Any CPU
		{C5E58B03-5388-4022-95CB-242F78857742}.Release|Any CPU.Build.0 = Release|Any CPU
	EndGlobalSection
	GlobalSection(SolutionProperties) = preSolution
		HideSolutionNode = FALSE
	EndGlobalSection
	GlobalSection(ExtensibilityGlobals) = postSolution
		SolutionGuid = {9177B9CB-3AF5-4586-B0D1-BD02AED88DAD}
	EndGlobalSection
EndGlobal
